
Microsoft Visual Studio Solution File, Format Version 12.00
# Visual Studio Version 17
VisualStudioVersion = 17.5.33530.505
MinimumVisualStudioVersion = 10.0.40219.1
Project("{FAE04EC0-301F-11D3-BF4B-00C04F79EFBC}") = "Archiver.Core", "Archiver.Core\Archiver.Core.csproj", "{02419496-38FB-4A3A-A286-E2FE3315D670}"
EndProject
Project("{FAE04EC0-301F-11D3-BF4B-00C04F79EFBC}") = "Archiver.Gui.Wpf", "Archiver.Gui.Wpf\Archiver.Gui.Wpf.csproj", "{4A27C52F-EDFF-4C6F-837D-F32FBAC16376}"
EndProject
Global
	GlobalSection(SolutionConfigurationPlatforms) = preSolution
		Debug|Any CPU = Debug|Any CPU
		Release|Any CPU = Release|Any CPU
	EndGlobalSection
	GlobalSection(ProjectConfigurationPlatforms) = postSolution
		{02419496-38FB-4A3A-A286-E2FE3315D670}.Debug|Any CPU.ActiveCfg = Debug|Any CPU
		{02419496-38FB-4A3A-A286-E2FE3315D670}.Debug|Any CPU.Build.0 = Debug|Any CPU
		{02419496-38FB-4A3A-A286-E2FE3315D670}.Release|Any CPU.ActiveCfg = Release|Any CPU
		{02419496-38FB-4A3A-A286-E2FE3315D670}.Release|Any CPU.Build.0 = Release|Any CPU
		{4A27C52F-EDFF-4C6F-837D-F32FBAC16376}.Debug|Any CPU.ActiveCfg = Debug|Any CPU
		{4A27C52F-EDFF-4C6F-837D-F32FBAC16376}.Debug|Any CPU.Build.0 = Debug|Any CPU
		{4A27C52F-EDFF-4C6F-837D-F32FBAC16376}.Release|Any CPU.ActiveCfg = Release|Any CPU
		{4A27C52F-EDFF-4C6F-837D-F32FBAC16376}.Release|Any CPU.Build.0 = Release|Any CPU
	EndGlobalSection
	GlobalSection(SolutionProperties) = preSolution
		HideSolutionNode = FALSE
	EndGlobalSection
	GlobalSection(ExtensibilityGlobals) = postSolution
		SolutionGuid = {0B95E8F3-AD0F-47D1-8D5D-FAE1783A7C1B}
	EndGlobalSection
EndGlobal
